// !$*UTF8*$!
{
	archiveVersion = 1;
	classes = {
	};
	objectVersion = 56;
	objects = {

/* Begin PBXBuildFile section */
		D0C830E02BC752ED0086190D /* ApiClient.swift in Sources */ = {isa = PBXBuildFile; fileRef = D0C830DF2BC752ED0086190D /* ApiClient.swift */; };
		D0C830E22BC753300086190D /* SearchView.swift in Sources */ = {isa = PBXBuildFile; fileRef = D0C830E12BC753300086190D /* SearchView.swift */; };
		D0C830E42BC753530086190D /* SearchViewModel.swift in Sources */ = {isa = PBXBuildFile; fileRef = D0C830E32BC753530086190D /* SearchViewModel.swift */; };
		D0C830E62BC7538C0086190D /* Model.swift in Sources */ = {isa = PBXBuildFile; fileRef = D0C830E52BC7538C0086190D /* Model.swift */; };
		D0D6B1FD2BC73870008FC722 /* Duck_Duke_Go_SearchApp.swift in Sources */ = {isa = PBXBuildFile; fileRef = D0D6B1FC2BC73870008FC722 /* Duck_Duke_Go_SearchApp.swift */; };
		D0D6B1FF2BC73870008FC722 /* ContentView.swift in Sources */ = {isa = PBXBuildFile; fileRef = D0D6B1FE2BC73870008FC722 /* ContentView.swift */; };
		D0D6B2012BC73871008FC722 /* Assets.xcassets in Resources */ = {isa = PBXBuildFile; fileRef = D0D6B2002BC73871008FC722 /* Assets.xcassets */; };
		D0D6B2042BC73871008FC722 /* Preview Assets.xcassets in Resources */ = {isa = PBXBuildFile; fileRef = D0D6B2032BC73871008FC722 /* Preview Assets.xcassets */; };
		D0FB544C2BC7A57A00396DE6 /* SearchBar.swift in Sources */ = {isa = PBXBuildFile; fileRef = D0FB544B2BC7A57A00396DE6 /* SearchBar.swift */; };
/* End PBXBuildFile section */

/* Begin PBXFileReference section */
		D0C830DF2BC752ED0086190D /* ApiClient.swift */ = {isa = PBXFileReference; lastKnownFileType = sourcecode.swift; path = ApiClient.swift; sourceTree = "<group>"; };
		D0C830E12BC753300086190D /* SearchView.swift */ = {isa = PBXFileReference; lastKnownFileType = sourcecode.swift; path = SearchView.swift; sourceTree = "<group>"; };
		D0C830E32BC753530086190D /* SearchViewModel.swift */ = {isa = PBXFileReference; lastKnownFileType = sourcecode.swift; path = SearchViewModel.swift; sourceTree = "<group>"; };
		D0C830E52BC7538C0086190D /* Model.swift */ = {isa = PBXFileReference; lastKnownFileType = sourcecode.swift; path = Model.swift; sourceTree = "<group>"; };
		D0D6B1F92BC73870008FC722 /* Duck Duke Go Search.app */ = {isa = PBXFileReference; explicitFileType = wrapper.application; includeInIndex = 0; path = "Duck Duke Go Search.app"; sourceTree = BUILT_PRODUCTS_DIR; };
		D0D6B1FC2BC73870008FC722 /* Duck_Duke_Go_SearchApp.swift */ = {isa = PBXFileReference; lastKnownFileType = sourcecode.swift; path = Duck_Duke_Go_SearchApp.swift; sourceTree = "<group>"; };
		D0D6B1FE2BC73870008FC722 /* ContentView.swift */ = {isa = PBXFileReference; lastKnownFileType = sourcecode.swift; path = ContentView.swift; sourceTree = "<group>"; };
		D0D6B2002BC73871008FC722 /* Assets.xcassets */ = {isa = PBXFileReference; lastKnownFileType = folder.assetcatalog; path = Assets.xcassets; sourceTree = "<group>"; };
		D0D6B2032BC73871008FC722 /* Preview Assets.xcassets */ = {isa = PBXFileReference; lastKnownFileType = folder.assetcatalog; path = "Preview Assets.xcassets"; sourceTree = "<group>"; };
		D0FB544B2BC7A57A00396DE6 /* SearchBar.swift */ = {isa = PBXFileReference; lastKnownFileType = sourcecode.swift; path = SearchBar.swift; sourceTree = "<group>"; };
/* End PBXFileReference section */

/* Begin PBXFrameworksBuildPhase section */
		D0D6B1F62BC73870008FC722 /* Frameworks */ = {
			isa = PBXFrameworksBuildPhase;
			buildActionMask = 2147483647;
			files = (
			);
			runOnlyForDeploymentPostprocessing = 0;
		};
/* End PBXFrameworksBuildPhase section */

/* Begin PBXGroup section */
		D012DDA22BC7510300ABFAE2 /* NetWork */ = {
			isa = PBXGroup;
			children = (
				D0C830DF2BC752ED0086190D /* ApiClient.swift */,
				D0C830E52BC7538C0086190D /* Model.swift */,
			);
			path = NetWork;
			sourceTree = "<group>";
		};
		D012DDA32BC7511F00ABFAE2 /* Views */ = {
			isa = PBXGroup;
			children = (
				D0C830E12BC753300086190D /* SearchView.swift */,
				D0FB544B2BC7A57A00396DE6 /* SearchBar.swift */,
				D0D6B2022BC73871008FC722 /* Preview Content */,
			);
			path = Views;
			sourceTree = "<group>";
		};
		D012DDA42BC7518900ABFAE2 /* ViewModel */ = {
			isa = PBXGroup;
			children = (
				D0C830E32BC753530086190D /* SearchViewModel.swift */,
			);
			path = ViewModel;
			sourceTree = "<group>";
		};
		D0D6B1F02BC73870008FC722 = {
			isa = PBXGroup;
			children = (
				D0D6B1FB2BC73870008FC722 /* Duck Duke Go Search */,
				D0D6B1FA2BC73870008FC722 /* Products */,
			);
			sourceTree = "<group>";
		};
		D0D6B1FA2BC73870008FC722 /* Products */ = {
			isa = PBXGroup;
			children = (
				D0D6B1F92BC73870008FC722 /* Duck Duke Go Search.app */,
			);
			name = Products;
			sourceTree = "<group>";
		};
		D0D6B1FB2BC73870008FC722 /* Duck Duke Go Search */ = {
			isa = PBXGroup;
			children = (
				D0D6B1FC2BC73870008FC722 /* Duck_Duke_Go_SearchApp.swift */,
				D012DDA42BC7518900ABFAE2 /* ViewModel */,
				D012DDA32BC7511F00ABFAE2 /* Views */,
				D012DDA22BC7510300ABFAE2 /* NetWork */,
				D0D6B1FE2BC73870008FC722 /* ContentView.swift */,
				D0D6B2002BC73871008FC722 /* Assets.xcassets */,
			);
			path = "Duck Duke Go Search";
			sourceTree = "<group>";
		};
		D0D6B2022BC73871008FC722 /* Preview Content */ = {
			isa = PBXGroup;
			children = (
				D0D6B2032BC73871008FC722 /* Preview Assets.xcassets */,
			);
			name = "Preview Content";
			path = "../Preview Content";
			sourceTree = "<group>";
		};
/* End PBXGroup section */

/* Begin PBXNativeTarget section */
		D0D6B1F82BC73870008FC722 /* Duck Duke Go Search */ = {
			isa = PBXNativeTarget;
			buildConfigurationList = D0D6B2072BC73871008FC722 /* Build configuration list for PBXNativeTarget "Duck Duke Go Search" */;
			buildPhases = (
				D0D6B1F52BC73870008FC722 /* Sources */,
				D0D6B1F62BC73870008FC722 /* Frameworks */,
				D0D6B1F72BC73870008FC722 /* Resources */,
			);
			buildRules = (
			);
			dependencies = (
			);
			name = "Duck Duke Go Search";
			productName = "Duck Duke Go Search";
			productReference = D0D6B1F92BC73870008FC722 /* Duck Duke Go Search.app */;
			productType = "com.apple.product-type.application";
		};
/* End PBXNativeTarget section */

/* Begin PBXProject section */
		D0D6B1F12BC73870008FC722 /* Project object */ = {
			isa = PBXProject;
			attributes = {
				BuildIndependentTargetsInParallel = 1;
				LastSwiftUpdateCheck = 1530;
				LastUpgradeCheck = 1530;
				TargetAttributes = {
					D0D6B1F82BC73870008FC722 = {
						CreatedOnToolsVersion = 15.3;
					};
				};
			};
			buildConfigurationList = D0D6B1F42BC73870008FC722 /* Build configuration list for PBXProject "Duck Duke Go Search" */;
			compatibilityVersion = "Xcode 14.0";
			developmentRegion = en;
			hasScannedForEncodings = 0;
			knownRegions = (
				en,
				Base,
			);
			mainGroup = D0D6B1F02BC73870008FC722;
			productRefGroup = D0D6B1FA2BC73870008FC722 /* Products */;
			projectDirPath = "";
			projectRoot = "";
			targets = (
				D0D6B1F82BC73870008FC722 /* Duck Duke Go Search */,
			);
		};
/* End PBXProject section */

/* Begin PBXResourcesBuildPhase section */
		D0D6B1F72BC73870008FC722 /* Resources */ = {
			isa = PBXResourcesBuildPhase;
			buildActionMask = 2147483647;
			files = (
				D0D6B2042BC73871008FC722 /* Preview Assets.xcassets in Resources */,
				D0D6B2012BC73871008FC722 /* Assets.xcassets in Resources */,
			);
			runOnlyForDeploymentPostprocessing = 0;
		};
/* End PBXResourcesBuildPhase section */

/* Begin PBXSourcesBuildPhase section */
		D0D6B1F52BC73870008FC722 /* Sources */ = {
			isa = PBXSourcesBuildPhase;
			buildActionMask = 2147483647;
			files = (
				D0FB544C2BC7A57A00396DE6 /* SearchBar.swift in Sources */,
				D0C830E22BC753300086190D /* SearchView.swift in Sources */,
				D0C830E42BC753530086190D /* SearchViewModel.swift in Sources */,
				D0D6B1FF2BC73870008FC722 /* ContentView.swift in Sources */,
				D0C830E62BC7538C0086190D /* Model.swift in Sources */,
				D0D6B1FD2BC73870008FC722 /* Duck_Duke_Go_SearchApp.swift in Sources */,
				D0C830E02BC752ED0086190D /* ApiClient.swift in Sources */,
			);
			runOnlyForDeploymentPostprocessing = 0;
		};
/* End PBXSourcesBuildPhase section */

/* Begin XCBuildConfiguration section */
		D0D6B2052BC73871008FC722 /* Debug */ = {
			isa = XCBuildConfiguration;
			buildSettings = {
				ALWAYS_SEARCH_USER_PATHS = NO;
				ASSETCATALOG_COMPILER_GENERATE_SWIFT_ASSET_SYMBOL_EXTENSIONS = YES;
				CLANG_ANALYZER_NONNULL = YES;
				CLANG_ANALYZER_NUMBER_OBJECT_CONVERSION = YES_AGGRESSIVE;
				CLANG_CXX_LANGUAGE_STANDARD = "gnu++20";
				CLANG_ENABLE_MODULES = YES;
				CLANG_ENABLE_OBJC_ARC = YES;
				CLANG_ENABLE_OBJC_WEAK = YES;
				CLANG_WARN_BLOCK_CAPTURE_AUTORELEASING = YES;
				CLANG_WARN_BOOL_CONVERSION = YES;
				CLANG_WARN_COMMA = YES;
				CLANG_WARN_CONSTANT_CONVERSION = YES;
				CLANG_WARN_DEPRECATED_OBJC_IMPLEMENTATIONS = YES;
				CLANG_WARN_DIRECT_OBJC_ISA_USAGE = YES_ERROR;
				CLANG_WARN_DOCUMENTATION_COMMENTS = YES;
				CLANG_WARN_EMPTY_BODY = YES;
				CLANG_WARN_ENUM_CONVERSION = YES;
				CLANG_WARN_INFINITE_RECURSION = YES;
				CLANG_WARN_INT_CONVERSION = YES;
				CLANG_WARN_NON_LITERAL_NULL_CONVERSION = YES;
				CLANG_WARN_OBJC_IMPLICIT_RETAIN_SELF = YES;
				CLANG_WARN_OBJC_LITERAL_CONVERSION = YES;
				CLANG_WARN_OBJC_ROOT_CLASS = YES_ERROR;
				CLANG_WARN_QUOTED_INCLUDE_IN_FRAMEWORK_HEADER = YES;
				CLANG_WARN_RANGE_LOOP_ANALYSIS = YES;
				CLANG_WARN_STRICT_PROTOTYPES = YES;
				CLANG_WARN_SUSPICIOUS_MOVE = YES;
				CLANG_WARN_UNGUARDED_AVAILABILITY = YES_AGGRESSIVE;
				CLANG_WARN_UNREACHABLE_CODE = YES;
				CLANG_WARN__DUPLICATE_METHOD_MATCH = YES;
				COPY_PHASE_STRIP = NO;
				DEBUG_INFORMATION_FORMAT = dwarf;
				ENABLE_STRICT_OBJC_MSGSEND = YES;
				ENABLE_TESTABILITY = YES;
				ENABLE_USER_SCRIPT_SANDBOXING = YES;
				GCC_C_LANGUAGE_STANDARD = gnu17;
				GCC_DYNAMIC_NO_PIC = NO;
				GCC_NO_COMMON_BLOCKS = YES;
				GCC_OPTIMIZATION_LEVEL = 0;
				GCC_PREPROCESSOR_DEFINITIONS = (
					"DEBUG=1",
					"$(inherited)",
				);
				GCC_WARN_64_TO_32_BIT_CONVERSION = YES;
				GCC_WARN_ABOUT_RETURN_TYPE = YES_ERROR;
				GCC_WARN_UNDECLARED_SELECTOR = YES;
				GCC_WARN_UNINITIALIZED_AUTOS = YES_AGGRESSIVE;
				GCC_WARN_UNUSED_FUNCTION = YES;
				GCC_WARN_UNUSED_VARIABLE = YES;
				IPHONEOS_DEPLOYMENT_TARGET = 17.4;
				LOCALIZATION_PREFERS_STRING_CATALOGS = YES;
				MTL_ENABLE_DEBUG_INFO = INCLUDE_SOURCE;
				MTL_FAST_MATH = YES;
				ONLY_ACTIVE_ARCH = YES;
				SDKROOT = iphoneos;
				SWIFT_ACTIVE_COMPILATION_CONDITIONS = "DEBUG $(inherited)";
				SWIFT_OPTIMIZATION_LEVEL = "-Onone";
			};
			name = Debug;
		};
		D0D6B2062BC73871008FC722 /* Release */ = {
			isa = XCBuildConfiguration;
			buildSettings = {
				ALWAYS_SEARCH_USER_PATHS = NO;
				ASSETCATALOG_COMPILER_GENERATE_SWIFT_ASSET_SYMBOL_EXTENSIONS = YES;
				CLANG_ANALYZER_NONNULL = YES;
				CLANG_ANALYZER_NUMBER_OBJECT_CONVERSION = YES_AGGRESSIVE;
				CLANG_CXX_LANGUAGE_STANDARD = "gnu++20";
				CLANG_ENABLE_MODULES = YES;
				CLANG_ENABLE_OBJC_ARC = YES;
				CLANG_ENABLE_OBJC_WEAK = YES;
				CLANG_WARN_BLOCK_CAPTURE_AUTORELEASING = YES;
				CLANG_WARN_BOOL_CONVERSION = YES;
				CLANG_WARN_COMMA = YES;
				CLANG_WARN_CONSTANT_CONVERSION = YES;
				CLANG_WARN_DEPRECATED_OBJC_IMPLEMENTATIONS = YES;
				CLANG_WARN_DIRECT_OBJC_ISA_USAGE = YES_ERROR;
				CLANG_WARN_DOCUMENTATION_COMMENTS = YES;
				CLANG_WARN_EMPTY_BODY = YES;
				CLANG_WARN_ENUM_CONVERSION = YES;
				CLANG_WARN_INFINITE_RECURSION = YES;
				CLANG_WARN_INT_CONVERSION = YES;
				CLANG_WARN_NON_LITERAL_NULL_CONVERSION = YES;
				CLANG_WARN_OBJC_IMPLICIT_RETAIN_SELF = YES;
				CLANG_WARN_OBJC_LITERAL_CONVERSION = YES;
				CLANG_WARN_OBJC_ROOT_CLASS = YES_ERROR;
				CLANG_WARN_QUOTED_INCLUDE_IN_FRAMEWORK_HEADER = YES;
				CLANG_WARN_RANGE_LOOP_ANALYSIS = YES;
				CLANG_WARN_STRICT_PROTOTYPES = YES;
				CLANG_WARN_SUSPICIOUS_MOVE = YES;
				CLANG_WARN_UNGUARDED_AVAILABILITY = YES_AGGRESSIVE;
				CLANG_WARN_UNREACHABLE_CODE = YES;
				CLANG_WARN__DUPLICATE_METHOD_MATCH = YES;
				COPY_PHASE_STRIP = NO;
				DEBUG_INFORMATION_FORMAT = "dwarf-with-dsym";
				ENABLE_NS_ASSERTIONS = NO;
				ENABLE_STRICT_OBJC_MSGSEND = YES;
				ENABLE_USER_SCRIPT_SANDBOXING = YES;
				GCC_C_LANGUAGE_STANDARD = gnu17;
				GCC_NO_COMMON_BLOCKS = YES;
				GCC_WARN_64_TO_32_BIT_CONVERSION = YES;
				GCC_WARN_ABOUT_RETURN_TYPE = YES_ERROR;
				GCC_WARN_UNDECLARED_SELECTOR = YES;
				GCC_WARN_UNINITIALIZED_AUTOS = YES_AGGRESSIVE;
				GCC_WARN_UNUSED_FUNCTION = YES;
				GCC_WARN_UNUSED_VARIABLE = YES;
				IPHONEOS_DEPLOYMENT_TARGET = 17.4;
				LOCALIZATION_PREFERS_STRING_CATALOGS = YES;
				MTL_ENABLE_DEBUG_INFO = NO;
				MTL_FAST_MATH = YES;
				SDKROOT = iphoneos;
				SWIFT_COMPILATION_MODE = wholemodule;
				VALIDATE_PRODUCT = YES;
			};
			name = Release;
		};
		D0D6B2082BC73871008FC722 /* Debug */ = {
			isa = XCBuildConfiguration;
			buildSettings = {
				ASSETCATALOG_COMPILER_APPICON_NAME = AppIcon;
				ASSETCATALOG_COMPILER_GLOBAL_ACCENT_COLOR_NAME = AccentColor;
				CODE_SIGN_STYLE = Automatic;
				CURRENT_PROJECT_VERSION = 1;
				DEVELOPMENT_ASSET_PATHS = "\"Duck Duke Go Search/Preview Content\"";
				DEVELOPMENT_TEAM = T7283TTLGQ;
				ENABLE_PREVIEWS = YES;
				GENERATE_INFOPLIST_FILE = YES;
				INFOPLIST_KEY_UIApplicationSceneManifest_Generation = YES;
				INFOPLIST_KEY_UIApplicationSupportsIndirectInputEvents = YES;
				INFOPLIST_KEY_UILaunchScreen_Generation = YES;
				INFOPLIST_KEY_UISupportedInterfaceOrientations_iPad = "UIInterfaceOrientationPortrait UIInterfaceOrientationPortraitUpsideDown UIInterfaceOrientationLandscapeLeft UIInterfaceOrientationLandscapeRight";
				INFOPLIST_KEY_UISupportedInterfaceOrientations_iPhone = "UIInterfaceOrientationPortrait UIInterfaceOrientationLandscapeLeft UIInterfaceOrientationLandscapeRight";
				LD_RUNPATH_SEARCH_PATHS = (
					"$(inherited)",
					"@executable_path/Frameworks",
				);
				MARKETING_VERSION = 1.0;
				PRODUCT_BUNDLE_IDENTIFIER = "com.ricardoherrera.Duck-Duke-Go-Search";
				PRODUCT_NAME = "$(TARGET_NAME)";
				SWIFT_EMIT_LOC_STRINGS = YES;
				SWIFT_VERSION = 5.0;
				TARGETED_DEVICE_FAMILY = "1,2";
			};
			name = Debug;
		};
		D0D6B2092BC73871008FC722 /* Release */ = {
			isa = XCBuildConfiguration;
			buildSettings = {
				ASSETCATALOG_COMPILER_APPICON_NAME = AppIcon;
				ASSETCATALOG_COMPILER_GLOBAL_ACCENT_COLOR_NAME = AccentColor;
				CODE_SIGN_STYLE = Automatic;
				CURRENT_PROJECT_VERSION = 1;
				DEVELOPMENT_ASSET_PATHS = "\"Duck Duke Go Search/Preview Content\"";
				DEVELOPMENT_TEAM = T7283TTLGQ;
				ENABLE_PREVIEWS = YES;
				GENERATE_INFOPLIST_FILE = YES;
				INFOPLIST_KEY_UIApplicationSceneManifest_Generation = YES;
				INFOPLIST_KEY_UIApplicationSupportsIndirectInputEvents = YES;
				INFOPLIST_KEY_UILaunchScreen_Generation = YES;
				INFOPLIST_KEY_UISupportedInterfaceOrientations_iPad = "UIInterfaceOrientationPortrait UIInterfaceOrientationPortraitUpsideDown UIInterfaceOrientationLandscapeLeft UIInterfaceOrientationLandscapeRight";
				INFOPLIST_KEY_UISupportedInterfaceOrientations_iPhone = "UIInterfaceOrientationPortrait UIInterfaceOrientationLandscapeLeft UIInterfaceOrientationLandscapeRight";
				LD_RUNPATH_SEARCH_PATHS = (
					"$(inherited)",
					"@executable_path/Frameworks",
				);
				MARKETING_VERSION = 1.0;
				PRODUCT_BUNDLE_IDENTIFIER = "com.ricardoherrera.Duck-Duke-Go-Search";
				PRODUCT_NAME = "$(TARGET_NAME)";
				SWIFT_EMIT_LOC_STRINGS = YES;
				SWIFT_VERSION = 5.0;
				TARGETED_DEVICE_FAMILY = "1,2";
			};
			name = Release;
		};
/* End XCBuildConfiguration section */

/* Begin XCConfigurationList section */
		D0D6B1F42BC73870008FC722 /* Build configuration list for PBXProject "Duck Duke Go Search" */ = {
			isa = XCConfigurationList;
			buildConfigurations = (
				D0D6B2052BC73871008FC722 /* Debug */,
				D0D6B2062BC73871008FC722 /* Release */,
			);
			defaultConfigurationIsVisible = 0;
			defaultConfigurationName = Release;
		};
		D0D6B2072BC73871008FC722 /* Build configuration list for PBXNativeTarget "Duck Duke Go Search" */ = {
			isa = XCConfigurationList;
			buildConfigurations = (
				D0D6B2082BC73871008FC722 /* Debug */,
				D0D6B2092BC73871008FC722 /* Release */,
			);
			defaultConfigurationIsVisible = 0;
			defaultConfigurationName = Release;
		};
/* End XCConfigurationList section */
	};
	rootObject = D0D6B1F12BC73870008FC722 /* Project object */;
}
